{
  "name": "chemosmart",
  "lockfileVersion": 2,
  "requires": true,
  "packages": {
    "": {
      "dependencies": {
        "json-2-csv": "^3.18.0"
      }
    },
    "node_modules/deeks": {
      "version": "2.6.0",
      "resolved": "https://registry.npmjs.org/deeks/-/deeks-2.6.0.tgz",
      "integrity": "sha512-zu/g4fVjPreYuP11f3o5W7TeSRscpnn9LQO15lxIXu66MwOopIxj4jhLDEGMW7JkZYqWEz5JG3qs88kHNMY08g==",
      "engines": {
        "node": ">= 12"
      }
    },
    "node_modules/doc-path": {
      "version": "3.0.6",
      "resolved": "https://registry.npmjs.org/doc-path/-/doc-path-3.0.6.tgz",
      "integrity": "sha512-fUNXXk+4MbfKkXec41cIyD5DTPISVD0MzMPWX2qz+kL7otFtQRHCkyPaD8qmLyQpfYQWye/z7oXeeD0nQp8HYQ==",
      "engines": {
        "node": ">=12"
      }
    },
    "node_modules/json-2-csv": {
      "version": "3.18.0",
      "resolved": "https://registry.npmjs.org/json-2-csv/-/json-2-csv-3.18.0.tgz",
      "integrity": "sha512-+1lxMDaIx71QWVaENrphLb+o9xUY34nxVW6dKiRzFM2YYyxFbIkKNn4J3oVEOn/xxNtkmg8XVGmpZT+wIoi5xw==",
      "dependencies": {
        "deeks": "2.6.0",
        "doc-path": "3.0.6"
      },
      "engines": {
        "node": ">= 12"
      }
    }
  },
  "dependencies": {
    "deeks": {
      "version": "2.6.0",
      "resolved": "https://registry.npmjs.org/deeks/-/deeks-2.6.0.tgz",
      "integrity": "sha512-zu/g4fVjPreYuP11f3o5W7TeSRscpnn9LQO15lxIXu66MwOopIxj4jhLDEGMW7JkZYqWEz5JG3qs88kHNMY08g=="
    },
    "doc-path": {
      "version": "3.0.6",
      "resolved": "https://registry.npmjs.org/doc-path/-/doc-path-3.0.6.tgz",
      "integrity": "sha512-fUNXXk+4MbfKkXec41cIyD5DTPISVD0MzMPWX2qz+kL7otFtQRHCkyPaD8qmLyQpfYQWye/z7oXeeD0nQp8HYQ=="
    },
    "json-2-csv": {
      "version": "3.18.0",
      "resolved": "https://registry.npmjs.org/json-2-csv/-/json-2-csv-3.18.0.tgz",
      "integrity": "sha512-+1lxMDaIx71QWVaENrphLb+o9xUY34nxVW6dKiRzFM2YYyxFbIkKNn4J3oVEOn/xxNtkmg8XVGmpZT+wIoi5xw==",
      "requires": {
        "deeks": "2.6.0",
        "doc-path": "3.0.6"
      }
    }
  }
}
